
Microsoft Visual Studio Solution File, Format Version 12.00
# Visual Studio Version 17
VisualStudioVersion = 17.6.33829.357
MinimumVisualStudioVersion = 10.0.40219.1
Project("{FAE04EC0-301F-11D3-BF4B-00C04F79EFBC}") = "NotebookApp", "NotebookApp\NotebookApp.csproj", "{2A189F08-8E5D-4F8A-A3A7-175A83499452}"
EndProject
Global
	GlobalSection(SolutionConfigurationPlatforms) = preSolution
		Debug|Any CPU = Debug|Any CPU
		Release|Any CPU = Release|Any CPU
	EndGlobalSection
	GlobalSection(ProjectConfigurationPlatforms) = postSolution
		{2A189F08-8E5D-4F8A-A3A7-175A83499452}.Debug|Any CPU.ActiveCfg = Debug|Any CPU
		{2A189F08-8E5D-4F8A-A3A7-175A83499452}.Debug|Any CPU.Build.0 = Debug|Any CPU
		{2A189F08-8E5D-4F8A-A3A7-175A83499452}.Release|Any CPU.ActiveCfg = Release|Any CPU
		{2A189F08-8E5D-4F8A-A3A7-175A83499452}.Release|Any CPU.Build.0 = Release|Any CPU
	EndGlobalSection
	GlobalSection(SolutionProperties) = preSolution
		HideSolutionNode = FALSE
	EndGlobalSection
	GlobalSection(ExtensibilityGlobals) = postSolution
		SolutionGuid = {709BB13B-ACBF-4C68-A630-E4C926F267B4}
	EndGlobalSection
EndGlobal
